// !$*UTF8*$!
{
	archiveVersion = 1;
	classes = {
	};
	objectVersion = 56;
	objects = {

/* Begin PBXBuildFile section */
		7843B2352C2DA78D00C60D13 /* App655App.swift in Sources */ = {isa = PBXBuildFile; fileRef = 7843B2342C2DA78D00C60D13 /* App655App.swift */; };
		7843B2372C2DA78D00C60D13 /* ContentView.swift in Sources */ = {isa = PBXBuildFile; fileRef = 7843B2362C2DA78D00C60D13 /* ContentView.swift */; };
		7843B2392C2DA78E00C60D13 /* Assets.xcassets in Resources */ = {isa = PBXBuildFile; fileRef = 7843B2382C2DA78E00C60D13 /* Assets.xcassets */; };
		7843B23D2C2DA78E00C60D13 /* Preview Assets.xcassets in Resources */ = {isa = PBXBuildFile; fileRef = 7843B23C2C2DA78E00C60D13 /* Preview Assets.xcassets */; };
		7843B24D2C2DA7D000C60D13 /* Launch Screen.storyboard in Resources */ = {isa = PBXBuildFile; fileRef = 7843B24C2C2DA7D000C60D13 /* Launch Screen.storyboard */; };
		7843B24F2C2DA7D800C60D13 /* LoadingView.swift in Sources */ = {isa = PBXBuildFile; fileRef = 7843B24E2C2DA7D800C60D13 /* LoadingView.swift */; };
		7843B2512C2DA7DD00C60D13 /* U1.swift in Sources */ = {isa = PBXBuildFile; fileRef = 7843B2502C2DA7DD00C60D13 /* U1.swift */; };
		7843B2532C2DA7E300C60D13 /* Reviews.swift in Sources */ = {isa = PBXBuildFile; fileRef = 7843B2522C2DA7E300C60D13 /* Reviews.swift */; };
		7843B2552C2DA7E900C60D13 /* Not.swift in Sources */ = {isa = PBXBuildFile; fileRef = 7843B2542C2DA7E900C60D13 /* Not.swift */; };
		7843B2572C2DA7ED00C60D13 /* R1.swift in Sources */ = {isa = PBXBuildFile; fileRef = 7843B2562C2DA7ED00C60D13 /* R1.swift */; };
		7843B2592C2DA7F300C60D13 /* R2.swift in Sources */ = {isa = PBXBuildFile; fileRef = 7843B2582C2DA7F300C60D13 /* R2.swift */; };
		7843B25B2C2DA7FB00C60D13 /* R3.swift in Sources */ = {isa = PBXBuildFile; fileRef = 7843B25A2C2DA7FB00C60D13 /* R3.swift */; };
		7843B25D2C2DA80100C60D13 /* TabBar.swift in Sources */ = {isa = PBXBuildFile; fileRef = 7843B25C2C2DA80100C60D13 /* TabBar.swift */; };
		7843B25F2C2DA80B00C60D13 /* CoreDataStack.swift in Sources */ = {isa = PBXBuildFile; fileRef = 7843B25E2C2DA80B00C60D13 /* CoreDataStack.swift */; };
		7843B2612C2DA81100C60D13 /* Array.swift in Sources */ = {isa = PBXBuildFile; fileRef = 7843B2602C2DA81100C60D13 /* Array.swift */; };
		7843B2642C2DA81900C60D13 /* CoreModel.xcdatamodeld in Sources */ = {isa = PBXBuildFile; fileRef = 7843B2622C2DA81900C60D13 /* CoreModel.xcdatamodeld */; };
		7843B2692C2DA84100C60D13 /* CollectionsView.swift in Sources */ = {isa = PBXBuildFile; fileRef = 7843B2682C2DA84100C60D13 /* CollectionsView.swift */; };
		7843B26B2C2DA84A00C60D13 /* ExhibitsView.swift in Sources */ = {isa = PBXBuildFile; fileRef = 7843B26A2C2DA84A00C60D13 /* ExhibitsView.swift */; };
		7843B26D2C2DA85200C60D13 /* SettingsView.swift in Sources */ = {isa = PBXBuildFile; fileRef = 7843B26C2C2DA85200C60D13 /* SettingsView.swift */; };
		7843B26F2C2DA85B00C60D13 /* CollectionsViewModel.swift in Sources */ = {isa = PBXBuildFile; fileRef = 7843B26E2C2DA85B00C60D13 /* CollectionsViewModel.swift */; };
		7843B2722C2DAFDC00C60D13 /* AddCollection.swift in Sources */ = {isa = PBXBuildFile; fileRef = 7843B2712C2DAFDC00C60D13 /* AddCollection.swift */; };
		7843B2742C2DCC6B00C60D13 /* ExhibitsViewModel.swift in Sources */ = {isa = PBXBuildFile; fileRef = 7843B2732C2DCC6B00C60D13 /* ExhibitsViewModel.swift */; };
		7843B2772C2DCD5200C60D13 /* AddHistory.swift in Sources */ = {isa = PBXBuildFile; fileRef = 7843B2762C2DCD5200C60D13 /* AddHistory.swift */; };
		7843B27A2C2DE05D00C60D13 /* ColDetail.swift in Sources */ = {isa = PBXBuildFile; fileRef = 7843B2792C2DE05D00C60D13 /* ColDetail.swift */; };
		7853FCB02C36AD9200956529 /* d.swift in Sources */ = {isa = PBXBuildFile; fileRef = 7853FCAF2C36AD9200956529 /* d.swift */; };
		7853FCB22C36AD9600956529 /* s.swift in Sources */ = {isa = PBXBuildFile; fileRef = 7853FCB12C36AD9600956529 /* s.swift */; };
		7853FCB42C36AD9900956529 /* w.swift in Sources */ = {isa = PBXBuildFile; fileRef = 7853FCB32C36AD9900956529 /* w.swift */; };
		7853FCB72C36ADFF00956529 /* ApphudSDK in Frameworks */ = {isa = PBXBuildFile; productRef = 7853FCB62C36ADFF00956529 /* ApphudSDK */; };
		7853FCBA2C36AE0800956529 /* YandexMobileMetrica in Frameworks */ = {isa = PBXBuildFile; productRef = 7853FCB92C36AE0800956529 /* YandexMobileMetrica */; };
		7853FCBC2C36AE0800956529 /* YandexMobileMetricaCrashes in Frameworks */ = {isa = PBXBuildFile; productRef = 7853FCBB2C36AE0800956529 /* YandexMobileMetricaCrashes */; };
/* End PBXBuildFile section */

/* Begin PBXFileReference section */
		7843B2312C2DA78D00C60D13 /* App655.app */ = {isa = PBXFileReference; explicitFileType = wrapper.application; includeInIndex = 0; path = App655.app; sourceTree = BUILT_PRODUCTS_DIR; };
		7843B2342C2DA78D00C60D13 /* App655App.swift */ = {isa = PBXFileReference; lastKnownFileType = sourcecode.swift; path = App655App.swift; sourceTree = "<group>"; };
		7843B2362C2DA78D00C60D13 /* ContentView.swift */ = {isa = PBXFileReference; lastKnownFileType = sourcecode.swift; path = ContentView.swift; sourceTree = "<group>"; };
		7843B2382C2DA78E00C60D13 /* Assets.xcassets */ = {isa = PBXFileReference; lastKnownFileType = folder.assetcatalog; path = Assets.xcassets; sourceTree = "<group>"; };
		7843B23A2C2DA78E00C60D13 /* App655.entitlements */ = {isa = PBXFileReference; lastKnownFileType = text.plist.entitlements; path = App655.entitlements; sourceTree = "<group>"; };
		7843B23C2C2DA78E00C60D13 /* Preview Assets.xcassets */ = {isa = PBXFileReference; lastKnownFileType = folder.assetcatalog; path = "Preview Assets.xcassets"; sourceTree = "<group>"; };
		7843B24C2C2DA7D000C60D13 /* Launch Screen.storyboard */ = {isa = PBXFileReference; lastKnownFileType = file.storyboard; path = "Launch Screen.storyboard"; sourceTree = "<group>"; };
		7843B24E2C2DA7D800C60D13 /* LoadingView.swift */ = {isa = PBXFileReference; lastKnownFileType = sourcecode.swift; path = LoadingView.swift; sourceTree = "<group>"; };
		7843B2502C2DA7DD00C60D13 /* U1.swift */ = {isa = PBXFileReference; lastKnownFileType = sourcecode.swift; path = U1.swift; sourceTree = "<group>"; };
		7843B2522C2DA7E300C60D13 /* Reviews.swift */ = {isa = PBXFileReference; lastKnownFileType = sourcecode.swift; path = Reviews.swift; sourceTree = "<group>"; };
		7843B2542C2DA7E900C60D13 /* Not.swift */ = {isa = PBXFileReference; lastKnownFileType = sourcecode.swift; path = Not.swift; sourceTree = "<group>"; };
		7843B2562C2DA7ED00C60D13 /* R1.swift */ = {isa = PBXFileReference; lastKnownFileType = sourcecode.swift; path = R1.swift; sourceTree = "<group>"; };
		7843B2582C2DA7F300C60D13 /* R2.swift */ = {isa = PBXFileReference; lastKnownFileType = sourcecode.swift; path = R2.swift; sourceTree = "<group>"; };
		7843B25A2C2DA7FB00C60D13 /* R3.swift */ = {isa = PBXFileReference; lastKnownFileType = sourcecode.swift; path = R3.swift; sourceTree = "<group>"; };
		7843B25C2C2DA80100C60D13 /* TabBar.swift */ = {isa = PBXFileReference; lastKnownFileType = sourcecode.swift; path = TabBar.swift; sourceTree = "<group>"; };
		7843B25E2C2DA80B00C60D13 /* CoreDataStack.swift */ = {isa = PBXFileReference; lastKnownFileType = sourcecode.swift; path = CoreDataStack.swift; sourceTree = "<group>"; };
		7843B2602C2DA81100C60D13 /* Array.swift */ = {isa = PBXFileReference; lastKnownFileType = sourcecode.swift; path = Array.swift; sourceTree = "<group>"; };
		7843B2632C2DA81900C60D13 /* CoreModel.xcdatamodel */ = {isa = PBXFileReference; lastKnownFileType = wrapper.xcdatamodel; path = CoreModel.xcdatamodel; sourceTree = "<group>"; };
		7843B2682C2DA84100C60D13 /* CollectionsView.swift */ = {isa = PBXFileReference; lastKnownFileType = sourcecode.swift; path = CollectionsView.swift; sourceTree = "<group>"; };
		7843B26A2C2DA84A00C60D13 /* ExhibitsView.swift */ = {isa = PBXFileReference; lastKnownFileType = sourcecode.swift; path = ExhibitsView.swift; sourceTree = "<group>"; };
		7843B26C2C2DA85200C60D13 /* SettingsView.swift */ = {isa = PBXFileReference; lastKnownFileType = sourcecode.swift; path = SettingsView.swift; sourceTree = "<group>"; };
		7843B26E2C2DA85B00C60D13 /* CollectionsViewModel.swift */ = {isa = PBXFileReference; lastKnownFileType = sourcecode.swift; path = CollectionsViewModel.swift; sourceTree = "<group>"; };
		7843B2712C2DAFDC00C60D13 /* AddCollection.swift */ = {isa = PBXFileReference; lastKnownFileType = sourcecode.swift; path = AddCollection.swift; sourceTree = "<group>"; };
		7843B2732C2DCC6B00C60D13 /* ExhibitsViewModel.swift */ = {isa = PBXFileReference; lastKnownFileType = sourcecode.swift; path = ExhibitsViewModel.swift; sourceTree = "<group>"; };
		7843B2762C2DCD5200C60D13 /* AddHistory.swift */ = {isa = PBXFileReference; lastKnownFileType = sourcecode.swift; path = AddHistory.swift; sourceTree = "<group>"; };
		7843B2792C2DE05D00C60D13 /* ColDetail.swift */ = {isa = PBXFileReference; lastKnownFileType = sourcecode.swift; path = ColDetail.swift; sourceTree = "<group>"; };
		7853FCAF2C36AD9200956529 /* d.swift */ = {isa = PBXFileReference; lastKnownFileType = sourcecode.swift; path = d.swift; sourceTree = "<group>"; };
		7853FCB12C36AD9600956529 /* s.swift */ = {isa = PBXFileReference; lastKnownFileType = sourcecode.swift; path = s.swift; sourceTree = "<group>"; };
		7853FCB32C36AD9900956529 /* w.swift */ = {isa = PBXFileReference; lastKnownFileType = sourcecode.swift; path = w.swift; sourceTree = "<group>"; };
/* End PBXFileReference section */

/* Begin PBXFrameworksBuildPhase section */
		7843B22E2C2DA78D00C60D13 /* Frameworks */ = {
			isa = PBXFrameworksBuildPhase;
			buildActionMask = 2147483647;
			files = (
				7853FCBC2C36AE0800956529 /* YandexMobileMetricaCrashes in Frameworks */,
				7853FCB72C36ADFF00956529 /* ApphudSDK in Frameworks */,
				7853FCBA2C36AE0800956529 /* YandexMobileMetrica in Frameworks */,
			);
			runOnlyForDeploymentPostprocessing = 0;
		};
/* End PBXFrameworksBuildPhase section */

/* Begin PBXGroup section */
		7843B2282C2DA78D00C60D13 = {
			isa = PBXGroup;
			children = (
				7843B2332C2DA78D00C60D13 /* App655 */,
				7843B2322C2DA78D00C60D13 /* Products */,
			);
			sourceTree = "<group>";
		};
		7843B2322C2DA78D00C60D13 /* Products */ = {
			isa = PBXGroup;
			children = (
				7843B2312C2DA78D00C60D13 /* App655.app */,
			);
			name = Products;
			sourceTree = "<group>";
		};
		7843B2332C2DA78D00C60D13 /* App655 */ = {
			isa = PBXGroup;
			children = (
				7843B2432C2DA7A200C60D13 /* AllFiles */,
				7843B2342C2DA78D00C60D13 /* App655App.swift */,
				7843B2362C2DA78D00C60D13 /* ContentView.swift */,
				7843B2382C2DA78E00C60D13 /* Assets.xcassets */,
				7843B23A2C2DA78E00C60D13 /* App655.entitlements */,
				7843B23B2C2DA78E00C60D13 /* Preview Content */,
			);
			path = App655;
			sourceTree = "<group>";
		};
		7843B23B2C2DA78E00C60D13 /* Preview Content */ = {
			isa = PBXGroup;
			children = (
				7843B23C2C2DA78E00C60D13 /* Preview Assets.xcassets */,
			);
			path = "Preview Content";
			sourceTree = "<group>";
		};
		7843B2432C2DA7A200C60D13 /* AllFiles */ = {
			isa = PBXGroup;
			children = (
				7843B2472C2DA7B900C60D13 /* Views */,
				7843B2462C2DA7B300C60D13 /* Extensions */,
				7843B2452C2DA7AE00C60D13 /* TabBar */,
				7843B2442C2DA7A800C60D13 /* StartScreens */,
			);
			path = AllFiles;
			sourceTree = "<group>";
		};
		7843B2442C2DA7A800C60D13 /* StartScreens */ = {
			isa = PBXGroup;
			children = (
				7843B24B2C2DA7CA00C60D13 /* Re */,
				7843B24A2C2DA7C600C60D13 /* Us */,
				7843B2492C2DA7C200C60D13 /* Loading */,
				7843B2482C2DA7BD00C60D13 /* Launch */,
			);
			path = StartScreens;
			sourceTree = "<group>";
		};
		7843B2452C2DA7AE00C60D13 /* TabBar */ = {
			isa = PBXGroup;
			children = (
				7843B25C2C2DA80100C60D13 /* TabBar.swift */,
			);
			path = TabBar;
			sourceTree = "<group>";
		};
		7843B2462C2DA7B300C60D13 /* Extensions */ = {
			isa = PBXGroup;
			children = (
				7843B25E2C2DA80B00C60D13 /* CoreDataStack.swift */,
				7843B2602C2DA81100C60D13 /* Array.swift */,
				7843B2622C2DA81900C60D13 /* CoreModel.xcdatamodeld */,
				7853FCAF2C36AD9200956529 /* d.swift */,
				7853FCB12C36AD9600956529 /* s.swift */,
				7853FCB32C36AD9900956529 /* w.swift */,
			);
			path = Extensions;
			sourceTree = "<group>";
		};
		7843B2472C2DA7B900C60D13 /* Views */ = {
			isa = PBXGroup;
			children = (
				7843B2672C2DA83600C60D13 /* Settings */,
				7843B2662C2DA83000C60D13 /* Exhibits */,
				7843B2652C2DA82B00C60D13 /* COllections */,
			);
			path = Views;
			sourceTree = "<group>";
		};
		7843B2482C2DA7BD00C60D13 /* Launch */ = {
			isa = PBXGroup;
			children = (
				7843B24C2C2DA7D000C60D13 /* Launch Screen.storyboard */,
			);
			path = Launch;
			sourceTree = "<group>";
		};
		7843B2492C2DA7C200C60D13 /* Loading */ = {
			isa = PBXGroup;
			children = (
				7843B24E2C2DA7D800C60D13 /* LoadingView.swift */,
			);
			path = Loading;
			sourceTree = "<group>";
		};
		7843B24A2C2DA7C600C60D13 /* Us */ = {
			isa = PBXGroup;
			children = (
				7843B2502C2DA7DD00C60D13 /* U1.swift */,
				7843B2522C2DA7E300C60D13 /* Reviews.swift */,
				7843B2542C2DA7E900C60D13 /* Not.swift */,
			);
			path = Us;
			sourceTree = "<group>";
		};
		7843B24B2C2DA7CA00C60D13 /* Re */ = {
			isa = PBXGroup;
			children = (
				7843B2562C2DA7ED00C60D13 /* R1.swift */,
				7843B2582C2DA7F300C60D13 /* R2.swift */,
				7843B25A2C2DA7FB00C60D13 /* R3.swift */,
			);
			path = Re;
			sourceTree = "<group>";
		};
		7843B2652C2DA82B00C60D13 /* COllections */ = {
			isa = PBXGroup;
			children = (
				7843B2782C2DE04E00C60D13 /* ColDetail */,
				7843B2702C2DAFD100C60D13 /* AddCollection */,
				7843B2682C2DA84100C60D13 /* CollectionsView.swift */,
				7843B26E2C2DA85B00C60D13 /* CollectionsViewModel.swift */,
			);
			path = COllections;
			sourceTree = "<group>";
		};
		7843B2662C2DA83000C60D13 /* Exhibits */ = {
			isa = PBXGroup;
			children = (
				7843B2752C2DCD4600C60D13 /* AddHistory */,
				7843B26A2C2DA84A00C60D13 /* ExhibitsView.swift */,
				7843B2732C2DCC6B00C60D13 /* ExhibitsViewModel.swift */,
			);
			path = Exhibits;
			sourceTree = "<group>";
		};
		7843B2672C2DA83600C60D13 /* Settings */ = {
			isa = PBXGroup;
			children = (
				7843B26C2C2DA85200C60D13 /* SettingsView.swift */,
			);
			path = Settings;
			sourceTree = "<group>";
		};
		7843B2702C2DAFD100C60D13 /* AddCollection */ = {
			isa = PBXGroup;
			children = (
				7843B2712C2DAFDC00C60D13 /* AddCollection.swift */,
			);
			path = AddCollection;
			sourceTree = "<group>";
		};
		7843B2752C2DCD4600C60D13 /* AddHistory */ = {
			isa = PBXGroup;
			children = (
				7843B2762C2DCD5200C60D13 /* AddHistory.swift */,
			);
			path = AddHistory;
			sourceTree = "<group>";
		};
		7843B2782C2DE04E00C60D13 /* ColDetail */ = {
			isa = PBXGroup;
			children = (
				7843B2792C2DE05D00C60D13 /* ColDetail.swift */,
			);
			path = ColDetail;
			sourceTree = "<group>";
		};
/* End PBXGroup section */

/* Begin PBXNativeTarget section */
		7843B2302C2DA78D00C60D13 /* App655 */ = {
			isa = PBXNativeTarget;
			buildConfigurationList = 7843B2402C2DA78E00C60D13 /* Build configuration list for PBXNativeTarget "App655" */;
			buildPhases = (
				7843B22D2C2DA78D00C60D13 /* Sources */,
				7843B22E2C2DA78D00C60D13 /* Frameworks */,
				7843B22F2C2DA78D00C60D13 /* Resources */,
			);
			buildRules = (
			);
			dependencies = (
			);
			name = App655;
			packageProductDependencies = (
				7853FCB62C36ADFF00956529 /* ApphudSDK */,
				7853FCB92C36AE0800956529 /* YandexMobileMetrica */,
				7853FCBB2C36AE0800956529 /* YandexMobileMetricaCrashes */,
			);
			productName = App655;
			productReference = 7843B2312C2DA78D00C60D13 /* App655.app */;
			productType = "com.apple.product-type.application";
		};
/* End PBXNativeTarget section */

/* Begin PBXProject section */
		7843B2292C2DA78D00C60D13 /* Project object */ = {
			isa = PBXProject;
			attributes = {
				BuildIndependentTargetsInParallel = 1;
				LastSwiftUpdateCheck = 1540;
				LastUpgradeCheck = 1540;
				TargetAttributes = {
					7843B2302C2DA78D00C60D13 = {
						CreatedOnToolsVersion = 15.4;
					};
				};
			};
			buildConfigurationList = 7843B22C2C2DA78D00C60D13 /* Build configuration list for PBXProject "App655" */;
			compatibilityVersion = "Xcode 14.0";
			developmentRegion = en;
			hasScannedForEncodings = 0;
			knownRegions = (
				en,
				Base,
			);
			mainGroup = 7843B2282C2DA78D00C60D13;
			packageReferences = (
				7853FCB52C36ADFF00956529 /* XCRemoteSwiftPackageReference "ApphudSDK" */,
				7853FCB82C36AE0800956529 /* XCRemoteSwiftPackageReference "metrica-sdk-ios" */,
			);
			productRefGroup = 7843B2322C2DA78D00C60D13 /* Products */;
			projectDirPath = "";
			projectRoot = "";
			targets = (
				7843B2302C2DA78D00C60D13 /* App655 */,
			);
		};
/* End PBXProject section */

/* Begin PBXResourcesBuildPhase section */
		7843B22F2C2DA78D00C60D13 /* Resources */ = {
			isa = PBXResourcesBuildPhase;
			buildActionMask = 2147483647;
			files = (
				7843B24D2C2DA7D000C60D13 /* Launch Screen.storyboard in Resources */,
				7843B23D2C2DA78E00C60D13 /* Preview Assets.xcassets in Resources */,
				7843B2392C2DA78E00C60D13 /* Assets.xcassets in Resources */,
			);
			runOnlyForDeploymentPostprocessing = 0;
		};
/* End PBXResourcesBuildPhase section */

/* Begin PBXSourcesBuildPhase section */
		7843B22D2C2DA78D00C60D13 /* Sources */ = {
			isa = PBXSourcesBuildPhase;
			buildActionMask = 2147483647;
			files = (
				7843B2572C2DA7ED00C60D13 /* R1.swift in Sources */,
				7843B2372C2DA78D00C60D13 /* ContentView.swift in Sources */,
				7843B2772C2DCD5200C60D13 /* AddHistory.swift in Sources */,
				7853FCB22C36AD9600956529 /* s.swift in Sources */,
				7843B25B2C2DA7FB00C60D13 /* R3.swift in Sources */,
				7843B2552C2DA7E900C60D13 /* Not.swift in Sources */,
				7843B26B2C2DA84A00C60D13 /* ExhibitsView.swift in Sources */,
				7843B2532C2DA7E300C60D13 /* Reviews.swift in Sources */,
				7843B2512C2DA7DD00C60D13 /* U1.swift in Sources */,
				7853FCB42C36AD9900956529 /* w.swift in Sources */,
				7843B2742C2DCC6B00C60D13 /* ExhibitsViewModel.swift in Sources */,
				7843B25F2C2DA80B00C60D13 /* CoreDataStack.swift in Sources */,
				7843B2352C2DA78D00C60D13 /* App655App.swift in Sources */,
				7843B26D2C2DA85200C60D13 /* SettingsView.swift in Sources */,
				7843B2692C2DA84100C60D13 /* CollectionsView.swift in Sources */,
				7843B2722C2DAFDC00C60D13 /* AddCollection.swift in Sources */,
				7853FCB02C36AD9200956529 /* d.swift in Sources */,
				7843B24F2C2DA7D800C60D13 /* LoadingView.swift in Sources */,
				7843B2612C2DA81100C60D13 /* Array.swift in Sources */,
				7843B2642C2DA81900C60D13 /* CoreModel.xcdatamodeld in Sources */,
				7843B2592C2DA7F300C60D13 /* R2.swift in Sources */,
				7843B25D2C2DA80100C60D13 /* TabBar.swift in Sources */,
				7843B27A2C2DE05D00C60D13 /* ColDetail.swift in Sources */,
				7843B26F2C2DA85B00C60D13 /* CollectionsViewModel.swift in Sources */,
			);
			runOnlyForDeploymentPostprocessing = 0;
		};
/* End PBXSourcesBuildPhase section */

/* Begin XCBuildConfiguration section */
		7843B23E2C2DA78E00C60D13 /* Debug */ = {
			isa = XCBuildConfiguration;
			buildSettings = {
				ALWAYS_SEARCH_USER_PATHS = NO;
				ASSETCATALOG_COMPILER_GENERATE_SWIFT_ASSET_SYMBOL_EXTENSIONS = YES;
				CLANG_ANALYZER_NONNULL = YES;
				CLANG_ANALYZER_NUMBER_OBJECT_CONVERSION = YES_AGGRESSIVE;
				CLANG_CXX_LANGUAGE_STANDARD = "gnu++20";
				CLANG_ENABLE_MODULES = YES;
				CLANG_ENABLE_OBJC_ARC = YES;
				CLANG_ENABLE_OBJC_WEAK = YES;
				CLANG_WARN_BLOCK_CAPTURE_AUTORELEASING = YES;
				CLANG_WARN_BOOL_CONVERSION = YES;
				CLANG_WARN_COMMA = YES;
				CLANG_WARN_CONSTANT_CONVERSION = YES;
				CLANG_WARN_DEPRECATED_OBJC_IMPLEMENTATIONS = YES;
				CLANG_WARN_DIRECT_OBJC_ISA_USAGE = YES_ERROR;
				CLANG_WARN_DOCUMENTATION_COMMENTS = YES;
				CLANG_WARN_EMPTY_BODY = YES;
				CLANG_WARN_ENUM_CONVERSION = YES;
				CLANG_WARN_INFINITE_RECURSION = YES;
				CLANG_WARN_INT_CONVERSION = YES;
				CLANG_WARN_NON_LITERAL_NULL_CONVERSION = YES;
				CLANG_WARN_OBJC_IMPLICIT_RETAIN_SELF = YES;
				CLANG_WARN_OBJC_LITERAL_CONVERSION = YES;
				CLANG_WARN_OBJC_ROOT_CLASS = YES_ERROR;
				CLANG_WARN_QUOTED_INCLUDE_IN_FRAMEWORK_HEADER = YES;
				CLANG_WARN_RANGE_LOOP_ANALYSIS = YES;
				CLANG_WARN_STRICT_PROTOTYPES = YES;
				CLANG_WARN_SUSPICIOUS_MOVE = YES;
				CLANG_WARN_UNGUARDED_AVAILABILITY = YES_AGGRESSIVE;
				CLANG_WARN_UNREACHABLE_CODE = YES;
				CLANG_WARN__DUPLICATE_METHOD_MATCH = YES;
				COPY_PHASE_STRIP = NO;
				DEBUG_INFORMATION_FORMAT = dwarf;
				ENABLE_STRICT_OBJC_MSGSEND = YES;
				ENABLE_TESTABILITY = YES;
				ENABLE_USER_SCRIPT_SANDBOXING = YES;
				GCC_C_LANGUAGE_STANDARD = gnu17;
				GCC_DYNAMIC_NO_PIC = NO;
				GCC_NO_COMMON_BLOCKS = YES;
				GCC_OPTIMIZATION_LEVEL = 0;
				GCC_PREPROCESSOR_DEFINITIONS = (
					"DEBUG=1",
					"$(inherited)",
				);
				GCC_WARN_64_TO_32_BIT_CONVERSION = YES;
				GCC_WARN_ABOUT_RETURN_TYPE = YES_ERROR;
				GCC_WARN_UNDECLARED_SELECTOR = YES;
				GCC_WARN_UNINITIALIZED_AUTOS = YES_AGGRESSIVE;
				GCC_WARN_UNUSED_FUNCTION = YES;
				GCC_WARN_UNUSED_VARIABLE = YES;
				LOCALIZATION_PREFERS_STRING_CATALOGS = YES;
				MTL_ENABLE_DEBUG_INFO = INCLUDE_SOURCE;
				MTL_FAST_MATH = YES;
				ONLY_ACTIVE_ARCH = YES;
				SWIFT_ACTIVE_COMPILATION_CONDITIONS = "DEBUG $(inherited)";
				SWIFT_OPTIMIZATION_LEVEL = "-Onone";
			};
			name = Debug;
		};
		7843B23F2C2DA78E00C60D13 /* Release */ = {
			isa = XCBuildConfiguration;
			buildSettings = {
				ALWAYS_SEARCH_USER_PATHS = NO;
				ASSETCATALOG_COMPILER_GENERATE_SWIFT_ASSET_SYMBOL_EXTENSIONS = YES;
				CLANG_ANALYZER_NONNULL = YES;
				CLANG_ANALYZER_NUMBER_OBJECT_CONVERSION = YES_AGGRESSIVE;
				CLANG_CXX_LANGUAGE_STANDARD = "gnu++20";
				CLANG_ENABLE_MODULES = YES;
				CLANG_ENABLE_OBJC_ARC = YES;
				CLANG_ENABLE_OBJC_WEAK = YES;
				CLANG_WARN_BLOCK_CAPTURE_AUTORELEASING = YES;
				CLANG_WARN_BOOL_CONVERSION = YES;
				CLANG_WARN_COMMA = YES;
				CLANG_WARN_CONSTANT_CONVERSION = YES;
				CLANG_WARN_DEPRECATED_OBJC_IMPLEMENTATIONS = YES;
				CLANG_WARN_DIRECT_OBJC_ISA_USAGE = YES_ERROR;
				CLANG_WARN_DOCUMENTATION_COMMENTS = YES;
				CLANG_WARN_EMPTY_BODY = YES;
				CLANG_WARN_ENUM_CONVERSION = YES;
				CLANG_WARN_INFINITE_RECURSION = YES;
				CLANG_WARN_INT_CONVERSION = YES;
				CLANG_WARN_NON_LITERAL_NULL_CONVERSION = YES;
				CLANG_WARN_OBJC_IMPLICIT_RETAIN_SELF = YES;
				CLANG_WARN_OBJC_LITERAL_CONVERSION = YES;
				CLANG_WARN_OBJC_ROOT_CLASS = YES_ERROR;
				CLANG_WARN_QUOTED_INCLUDE_IN_FRAMEWORK_HEADER = YES;
				CLANG_WARN_RANGE_LOOP_ANALYSIS = YES;
				CLANG_WARN_STRICT_PROTOTYPES = YES;
				CLANG_WARN_SUSPICIOUS_MOVE = YES;
				CLANG_WARN_UNGUARDED_AVAILABILITY = YES_AGGRESSIVE;
				CLANG_WARN_UNREACHABLE_CODE = YES;
				CLANG_WARN__DUPLICATE_METHOD_MATCH = YES;
				COPY_PHASE_STRIP = NO;
				DEBUG_INFORMATION_FORMAT = "dwarf-with-dsym";
				ENABLE_NS_ASSERTIONS = NO;
				ENABLE_STRICT_OBJC_MSGSEND = YES;
				ENABLE_USER_SCRIPT_SANDBOXING = YES;
				GCC_C_LANGUAGE_STANDARD = gnu17;
				GCC_NO_COMMON_BLOCKS = YES;
				GCC_WARN_64_TO_32_BIT_CONVERSION = YES;
				GCC_WARN_ABOUT_RETURN_TYPE = YES_ERROR;
				GCC_WARN_UNDECLARED_SELECTOR = YES;
				GCC_WARN_UNINITIALIZED_AUTOS = YES_AGGRESSIVE;
				GCC_WARN_UNUSED_FUNCTION = YES;
				GCC_WARN_UNUSED_VARIABLE = YES;
				LOCALIZATION_PREFERS_STRING_CATALOGS = YES;
				MTL_ENABLE_DEBUG_INFO = NO;
				MTL_FAST_MATH = YES;
				SWIFT_COMPILATION_MODE = wholemodule;
			};
			name = Release;
		};
		7843B2412C2DA78E00C60D13 /* Debug */ = {
			isa = XCBuildConfiguration;
			buildSettings = {
				ASSETCATALOG_COMPILER_APPICON_NAME = AppIcon;
				ASSETCATALOG_COMPILER_GLOBAL_ACCENT_COLOR_NAME = AccentColor;
				CODE_SIGN_ENTITLEMENTS = App655/App655.entitlements;
				CODE_SIGN_STYLE = Automatic;
				CURRENT_PROJECT_VERSION = 1;
				DEVELOPMENT_ASSET_PATHS = "\"App655/Preview Content\"";
				ENABLE_PREVIEWS = YES;
				GENERATE_INFOPLIST_FILE = YES;
				INFOPLIST_KEY_CFBundleDisplayName = "Blaze Jogo";
				"INFOPLIST_KEY_UIApplicationSceneManifest_Generation[sdk=iphoneos*]" = YES;
				"INFOPLIST_KEY_UIApplicationSceneManifest_Generation[sdk=iphonesimulator*]" = YES;
				"INFOPLIST_KEY_UIApplicationSupportsIndirectInputEvents[sdk=iphoneos*]" = YES;
				"INFOPLIST_KEY_UIApplicationSupportsIndirectInputEvents[sdk=iphonesimulator*]" = YES;
				"INFOPLIST_KEY_UILaunchScreen_Generation[sdk=iphoneos*]" = YES;
				"INFOPLIST_KEY_UILaunchScreen_Generation[sdk=iphonesimulator*]" = YES;
				INFOPLIST_KEY_UILaunchStoryboardName = "Launch Screen.storyboard";
				"INFOPLIST_KEY_UIStatusBarStyle[sdk=iphoneos*]" = UIStatusBarStyleDefault;
				"INFOPLIST_KEY_UIStatusBarStyle[sdk=iphonesimulator*]" = UIStatusBarStyleDefault;
				INFOPLIST_KEY_UISupportedInterfaceOrientations = UIInterfaceOrientationPortrait;
				INFOPLIST_KEY_UISupportedInterfaceOrientations_iPad = "UIInterfaceOrientationLandscapeLeft UIInterfaceOrientationLandscapeRight UIInterfaceOrientationPortrait UIInterfaceOrientationPortraitUpsideDown";
				IPHONEOS_DEPLOYMENT_TARGET = 14.0;
				LD_RUNPATH_SEARCH_PATHS = "@executable_path/Frameworks";
				"LD_RUNPATH_SEARCH_PATHS[sdk=macosx*]" = "@executable_path/../Frameworks";
				MACOSX_DEPLOYMENT_TARGET = 14.1;
				MARKETING_VERSION = 1.1;
				PRODUCT_BUNDLE_IDENTIFIER = IOI.App655;
				PRODUCT_NAME = "$(TARGET_NAME)";
				SDKROOT = auto;
				SUPPORTED_PLATFORMS = "iphoneos iphonesimulator";
				SUPPORTS_MACCATALYST = NO;
				SWIFT_EMIT_LOC_STRINGS = YES;
				SWIFT_VERSION = 5.0;
				TARGETED_DEVICE_FAMILY = 1;
			};
			name = Debug;
		};
		7843B2422C2DA78E00C60D13 /* Release */ = {
			isa = XCBuildConfiguration;
			buildSettings = {
				ASSETCATALOG_COMPILER_APPICON_NAME = AppIcon;
				ASSETCATALOG_COMPILER_GLOBAL_ACCENT_COLOR_NAME = AccentColor;
				CODE_SIGN_ENTITLEMENTS = App655/App655.entitlements;
				CODE_SIGN_STYLE = Automatic;
				CURRENT_PROJECT_VERSION = 1;
				DEVELOPMENT_ASSET_PATHS = "\"App655/Preview Content\"";
				ENABLE_PREVIEWS = YES;
				GENERATE_INFOPLIST_FILE = YES;
				INFOPLIST_KEY_CFBundleDisplayName = "Blaze Jogo";
				"INFOPLIST_KEY_UIApplicationSceneManifest_Generation[sdk=iphoneos*]" = YES;
				"INFOPLIST_KEY_UIApplicationSceneManifest_Generation[sdk=iphonesimulator*]" = YES;
				"INFOPLIST_KEY_UIApplicationSupportsIndirectInputEvents[sdk=iphoneos*]" = YES;
				"INFOPLIST_KEY_UIApplicationSupportsIndirectInputEvents[sdk=iphonesimulator*]" = YES;
				"INFOPLIST_KEY_UILaunchScreen_Generation[sdk=iphoneos*]" = YES;
				"INFOPLIST_KEY_UILaunchScreen_Generation[sdk=iphonesimulator*]" = YES;
				INFOPLIST_KEY_UILaunchStoryboardName = "Launch Screen.storyboard";
				"INFOPLIST_KEY_UIStatusBarStyle[sdk=iphoneos*]" = UIStatusBarStyleDefault;
				"INFOPLIST_KEY_UIStatusBarStyle[sdk=iphonesimulator*]" = UIStatusBarStyleDefault;
				INFOPLIST_KEY_UISupportedInterfaceOrientations = UIInterfaceOrientationPortrait;
				INFOPLIST_KEY_UISupportedInterfaceOrientations_iPad = "UIInterfaceOrientationLandscapeLeft UIInterfaceOrientationLandscapeRight UIInterfaceOrientationPortrait UIInterfaceOrientationPortraitUpsideDown";
				IPHONEOS_DEPLOYMENT_TARGET = 14.0;
				LD_RUNPATH_SEARCH_PATHS = "@executable_path/Frameworks";
				"LD_RUNPATH_SEARCH_PATHS[sdk=macosx*]" = "@executable_path/../Frameworks";
				MACOSX_DEPLOYMENT_TARGET = 14.1;
				MARKETING_VERSION = 1.1;
				PRODUCT_BUNDLE_IDENTIFIER = IOI.App655;
				PRODUCT_NAME = "$(TARGET_NAME)";
				SDKROOT = auto;
				SUPPORTED_PLATFORMS = "iphoneos iphonesimulator";
				SUPPORTS_MACCATALYST = NO;
				SWIFT_EMIT_LOC_STRINGS = YES;
				SWIFT_VERSION = 5.0;
				TARGETED_DEVICE_FAMILY = 1;
			};
			name = Release;
		};
/* End XCBuildConfiguration section */

/* Begin XCConfigurationList section */
		7843B22C2C2DA78D00C60D13 /* Build configuration list for PBXProject "App655" */ = {
			isa = XCConfigurationList;
			buildConfigurations = (
				7843B23E2C2DA78E00C60D13 /* Debug */,
				7843B23F2C2DA78E00C60D13 /* Release */,
			);
			defaultConfigurationIsVisible = 0;
			defaultConfigurationName = Release;
		};
		7843B2402C2DA78E00C60D13 /* Build configuration list for PBXNativeTarget "App655" */ = {
			isa = XCConfigurationList;
			buildConfigurations = (
				7843B2412C2DA78E00C60D13 /* Debug */,
				7843B2422C2DA78E00C60D13 /* Release */,
			);
			defaultConfigurationIsVisible = 0;
			defaultConfigurationName = Release;
		};
/* End XCConfigurationList section */

/* Begin XCRemoteSwiftPackageReference section */
		7853FCB52C36ADFF00956529 /* XCRemoteSwiftPackageReference "ApphudSDK" */ = {
			isa = XCRemoteSwiftPackageReference;
			repositoryURL = "https://github.com/apphud/ApphudSDK.git";
			requirement = {
				kind = upToNextMajorVersion;
				minimumVersion = 3.3.8;
			};
		};
		7853FCB82C36AE0800956529 /* XCRemoteSwiftPackageReference "metrica-sdk-ios" */ = {
			isa = XCRemoteSwiftPackageReference;
			repositoryURL = "https://github.com/yandexmobile/metrica-sdk-ios.git";
			requirement = {
				kind = upToNextMajorVersion;
				minimumVersion = 4.5.2;
			};
		};
/* End XCRemoteSwiftPackageReference section */

/* Begin XCSwiftPackageProductDependency section */
		7853FCB62C36ADFF00956529 /* ApphudSDK */ = {
			isa = XCSwiftPackageProductDependency;
			package = 7853FCB52C36ADFF00956529 /* XCRemoteSwiftPackageReference "ApphudSDK" */;
			productName = ApphudSDK;
		};
		7853FCB92C36AE0800956529 /* YandexMobileMetrica */ = {
			isa = XCSwiftPackageProductDependency;
			package = 7853FCB82C36AE0800956529 /* XCRemoteSwiftPackageReference "metrica-sdk-ios" */;
			productName = YandexMobileMetrica;
		};
		7853FCBB2C36AE0800956529 /* YandexMobileMetricaCrashes */ = {
			isa = XCSwiftPackageProductDependency;
			package = 7853FCB82C36AE0800956529 /* XCRemoteSwiftPackageReference "metrica-sdk-ios" */;
			productName = YandexMobileMetricaCrashes;
		};
/* End XCSwiftPackageProductDependency section */

/* Begin XCVersionGroup section */
		7843B2622C2DA81900C60D13 /* CoreModel.xcdatamodeld */ = {
			isa = XCVersionGroup;
			children = (
				7843B2632C2DA81900C60D13 /* CoreModel.xcdatamodel */,
			);
			currentVersion = 7843B2632C2DA81900C60D13 /* CoreModel.xcdatamodel */;
			name = CoreModel.xcdatamodeld;
			path = /Users/igor/Documents/Applications/App655/App655/AllFiles/Extensions/CoreModel.xcdatamodeld;
			sourceTree = "<group>";
			versionGroupType = wrapper.xcdatamodel;
		};
/* End XCVersionGroup section */
	};
	rootObject = 7843B2292C2DA78D00C60D13 /* Project object */;
}
